{
  "requires": true,
  "lockfileVersion": 1,
  "dependencies": {
    "gul": {
      "version": "1.0.0",
      "resolved": "https://registry.npmjs.org/gul/-/gul-1.0.0.tgz",
      "integrity": "sha1-cGbT9s/BncF7UzNPBXpuA3+SPU0="
    },
    "noty": {
      "version": "3.2.0-beta",
      "resolved": "https://registry.npmjs.org/noty/-/noty-3.2.0-beta.tgz",
      "integrity": "sha512-a1//Rth1MTQ/GCvGzwBXrZqCwOPyxiIKMdHT1TlcdrDYBYVfb7vzwsU0N4x+j/HeIQTi6/pbP8lRtY9gBz/d3Q=="
    },
    "vue-star-rating": {
      "version": "1.6.0",
      "resolved": "https://registry.npmjs.org/vue-star-rating/-/vue-star-rating-1.6.0.tgz",
      "integrity": "sha1-hYbZ0QBVX9Nn3x47dpZp6DcIkgk="
    },
    "vuetify": {
      "version": "1.0.16",
      "resolved": "https://registry.npmjs.org/vuetify/-/vuetify-1.0.16.tgz",
      "integrity": "sha512-R11HgCZIMCBHC4xgakXiDWQ55J37T4n8NBjsTEzVk9C1GVSuA0n5owGIke7G/UmXuRmDBHamKXCddKN/SDozyw=="
    }
  }
}
